
Microsoft Visual Studio Solution File, Format Version 12.00
# Visual Studio Version 17
VisualStudioVersion = 17.8.34322.80
MinimumVisualStudioVersion = 10.0.40219.1
Project("{FAE04EC0-301F-11D3-BF4B-00C04F79EFBC}") = "silnia", "silnia.csproj", "{36444681-CC06-4303-AFF6-C11CC6D8987D}"
EndProject
Global
	GlobalSection(SolutionConfigurationPlatforms) = preSolution
		Debug|Any CPU = Debug|Any CPU
		Release|Any CPU = Release|Any CPU
	EndGlobalSection
	GlobalSection(ProjectConfigurationPlatforms) = postSolution
		{36444681-CC06-4303-AFF6-C11CC6D8987D}.Debug|Any CPU.ActiveCfg = Debug|Any CPU
		{36444681-CC06-4303-AFF6-C11CC6D8987D}.Debug|Any CPU.Build.0 = Debug|Any CPU
		{36444681-CC06-4303-AFF6-C11CC6D8987D}.Release|Any CPU.ActiveCfg = Release|Any CPU
		{36444681-CC06-4303-AFF6-C11CC6D8987D}.Release|Any CPU.Build.0 = Release|Any CPU
	EndGlobalSection
	GlobalSection(SolutionProperties) = preSolution
		HideSolutionNode = FALSE
	EndGlobalSection
	GlobalSection(ExtensibilityGlobals) = postSolution
		SolutionGuid = {5EB9655B-06B2-4B2D-B31C-F28232DD2047}
	EndGlobalSection
EndGlobal
